{
  "name": "goontector",
  "version": "1.0.0",
  "lockfileVersion": 2,
  "requires": true,
  "packages": {
    "": {
      "name": "goontector",
      "version": "1.0.0",
      "license": "MIT",
      "dependencies": {
        "discord.js-selfbot-v13": "^2.14.5"
      }
    },
    "node_modules/discord.js-selfbot-v13": {
      "version": "2.14.5",
      "resolved": "https://registry.npmjs.org/discord.js-selfbot-v13/-/discord.js-selfbot-v13-2.14.5.tgz",
      "integrity": "sha512-McHa3XFQHkzR9HLae23AoF/mk4z0ShPL5eGEC0YbKkKTNULgFkPp5TxKPSbwZC+/6nK1PbSt2P32N4AGHB6sxA==",
      "engines": {
        "node": ">=16.6.0"
      }
    }
  }
}
